[[package]]
category = "main"
description = "Asyncio support for PEP-567 contextvars backport."
marker = "python_version < \"3.7\""
name = "aiocontextvars"
optional = false
python-versions = ">=3.5"
version = "0.2.2"

[package.dependencies]
[package.dependencies.contextvars]
python = "<3.7"
version = "2.4"

[[package]]
category = "dev"
description = "Atomic file writes."
marker = "sys_platform == \"win32\""
name = "atomicwrites"
optional = false
python-versions = ">=2.7, !=3.0.*, !=3.1.*, !=3.2.*, !=3.3.*"
version = "1.4.0"

[[package]]
category = "dev"
description = "Classes Without Boilerplate"
name = "attrs"
optional = false
python-versions = ">=2.7, !=3.0.*, !=3.1.*, !=3.2.*, !=3.3.*"
version = "19.3.0"

[package.extras]
azure-pipelines = ["coverage", "hypothesis", "pympler", "pytest (>=4.3.0)", "six", "zope.interface", "pytest-azurepipelines"]
dev = ["coverage", "hypothesis", "pympler", "pytest (>=4.3.0)", "six", "zope.interface", "sphinx", "pre-commit"]
docs = ["sphinx", "zope.interface"]
tests = ["coverage", "hypothesis", "pympler", "pytest (>=4.3.0)", "six", "zope.interface"]

[[package]]
category = "main"
description = "Python package for providing Mozilla's CA Bundle."
name = "certifi"
optional = false
python-versions = "*"
version = "2020.4.5.1"

[[package]]
category = "main"
description = "Universal encoding detector for Python 2 and 3"
name = "chardet"
optional = false
python-versions = "*"
version = "3.0.4"

[[package]]
category = "main"
description = "Cross-platform colored terminal text."
marker = "sys_platform == \"win32\""
name = "colorama"
optional = false
python-versions = ">=2.7, !=3.0.*, !=3.1.*, !=3.2.*, !=3.3.*, !=3.4.*"
version = "0.4.3"

[[package]]
category = "main"
description = "PEP 567 Backport"
marker = "python_version < \"3.7\""
name = "contextvars"
optional = false
python-versions = "*"
version = "2.4"

[package.dependencies]
immutables = ">=0.9"

[[package]]
category = "dev"
description = "Code coverage measurement for Python"
name = "coverage"
optional = false
python-versions = ">=2.7, !=3.0.*, !=3.1.*, !=3.2.*, !=3.3.*, !=3.4.*, <4"
version = "5.1"

[package.extras]
toml = ["toml"]

[[package]]
category = "main"
description = "A backport of the dataclasses module for Python 3.6"
marker = "python_version < \"3.7\""
name = "dataclasses"
optional = false
python-versions = "*"
version = "0.6"

[[package]]
category = "main"
description = "Internationalized Domain Names in Applications (IDNA)"
name = "idna"
optional = false
python-versions = ">=2.7, !=3.0.*, !=3.1.*, !=3.2.*, !=3.3.*"
version = "2.8"

[[package]]
category = "main"
description = "Immutable Collections"
marker = "python_version < \"3.7\""
name = "immutables"
optional = false
python-versions = ">=3.5"
version = "0.14"

[[package]]
category = "main"
description = "Read metadata from Python packages"
name = "importlib-metadata"
optional = false
python-versions = "!=3.0.*,!=3.1.*,!=3.2.*,!=3.3.*,!=3.4.*,>=2.7"
version = "1.6.0"

[package.dependencies]
zipp = ">=0.5"

[package.extras]
docs = ["sphinx", "rst.linker"]
testing = ["packaging", "importlib-resources"]

[[package]]
category = "main"
description = "Python logging made (stupidly) simple"
name = "loguru"
optional = false
python-versions = ">=3.5"
version = "0.4.1"

[package.dependencies]
colorama = ">=0.3.4"
win32-setctime = ">=1.0.0"

[package.dependencies.aiocontextvars]
python = "<3.7"
version = ">=0.2.0"

[package.extras]
dev = ["codecov (>=2.0.15)", "colorama (>=0.3.4)", "flake8 (>=3.7.7)", "isort (>=4.3.20)", "tox (>=3.9.0)", "tox-travis (>=0.12)", "pytest (>=4.6.2)", "pytest-cov (>=2.7.1)", "Sphinx (>=2.2.1)", "sphinx-autobuild (>=0.7.1)", "sphinx-rtd-theme (>=0.4.3)", "black (>=19.3b0)"]

[[package]]
category = "dev"
description = "More routines for operating on iterables, beyond itertools"
name = "more-itertools"
optional = false
python-versions = ">=3.5"
version = "8.3.0"

[[package]]
category = "main"
description = "MessagePack (de)serializer."
name = "msgpack"
optional = false
python-versions = "*"
version = "1.0.0"

[[package]]
category = "main"
description = "Fast, correct Python JSON library supporting dataclasses, datetimes, and numpy"
name = "orjson"
optional = false
python-versions = ">=3.6"
version = "3.3.1"

[[package]]
category = "dev"
description = "Core utilities for Python packages"
name = "packaging"
optional = false
python-versions = ">=2.7, !=3.0.*, !=3.1.*, !=3.2.*, !=3.3.*"
version = "20.3"

[package.dependencies]
pyparsing = ">=2.0.2"
six = "*"

[[package]]
category = "dev"
description = "plugin and hook calling mechanisms for python"
name = "pluggy"
optional = false
python-versions = ">=2.7, !=3.0.*, !=3.1.*, !=3.2.*, !=3.3.*"
version = "0.13.1"

[package.dependencies]
[package.dependencies.importlib-metadata]
python = "<3.8"
version = ">=0.12"

[package.extras]
dev = ["pre-commit", "tox"]

[[package]]
category = "dev"
description = "library with cross-python path, ini-parsing, io, code, log facilities"
name = "py"
optional = false
python-versions = ">=2.7, !=3.0.*, !=3.1.*, !=3.2.*, !=3.3.*"
version = "1.8.1"

[[package]]
category = "main"
description = "Data validation and settings management using python 3.6 type hinting"
name = "pydantic"
optional = false
python-versions = ">=3.6"
version = "1.0"

[package.dependencies]
[package.dependencies.dataclasses]
python = "<3.7"
version = ">=0.6"

[package.extras]
email = ["email-validator (>=1.0.3)"]
typing_extensions = ["typing-extensions (>=3.7.2)"]

[[package]]
category = "dev"
description = "Python parsing module"
name = "pyparsing"
optional = false
python-versions = ">=2.6, !=3.0.*, !=3.1.*, !=3.2.*"
version = "2.4.7"

[[package]]
category = "main"
description = "python solclient"
name = "pysolace"
optional = false
python-versions = "*"
version = "0.9.8"

[package.dependencies]
loguru = "*"
msgpack = "*"
orjson = "3.3.1"
sentry-sdk = "*"

[package.extras]
dev = ["pybind11 (>=2.2)", "ujson", "pytest", "pytest-benchmark"]

[[package]]
category = "dev"
description = "pytest: simple powerful testing with Python"
name = "pytest"
optional = false
python-versions = ">=3.5"
version = "5.4.2"

[package.dependencies]
atomicwrites = ">=1.0"
attrs = ">=17.4.0"
colorama = "*"
more-itertools = ">=4.0.0"
packaging = "*"
pluggy = ">=0.12,<1.0"
py = ">=1.5.0"
wcwidth = "*"

[package.dependencies.importlib-metadata]
python = "<3.8"
version = ">=0.12"

[package.extras]
checkqa-mypy = ["mypy (v0.761)"]
testing = ["argcomplete", "hypothesis (>=3.56)", "mock", "nose", "requests", "xmlschema"]

[[package]]
category = "dev"
description = "Pytest plugin for measuring coverage."
name = "pytest-cov"
optional = false
python-versions = ">=2.7, !=3.0.*, !=3.1.*, !=3.2.*, !=3.3.*"
version = "2.8.1"

[package.dependencies]
coverage = ">=4.4"
pytest = ">=3.6"

[package.extras]
testing = ["fields", "hunter", "process-tests (2.0.2)", "six", "virtualenv"]

[[package]]
category = "dev"
description = "Thin-wrapper around the mock package for easier use with pytest"
name = "pytest-mock"
optional = false
python-versions = ">=3.5"
version = "3.1.0"

[package.dependencies]
pytest = ">=2.7"

[package.extras]
dev = ["pre-commit", "tox", "pytest-asyncio"]

[[package]]
category = "main"
description = "Python HTTP for Humans."
name = "requests"
optional = false
python-versions = ">=2.7, !=3.0.*, !=3.1.*, !=3.2.*, !=3.3.*, !=3.4.*"
version = "2.22.0"

[package.dependencies]
certifi = ">=2017.4.17"
chardet = ">=3.0.2,<3.1.0"
idna = ">=2.5,<2.9"
urllib3 = ">=1.21.1,<1.25.0 || >1.25.0,<1.25.1 || >1.25.1,<1.26"

[package.extras]
security = ["pyOpenSSL (>=0.14)", "cryptography (>=1.3.4)", "idna (>=2.0.0)"]
socks = ["PySocks (>=1.5.6,<1.5.7 || >1.5.7)", "win-inet-pton"]

[[package]]
category = "main"
description = "Python client for Sentry (https://getsentry.com)"
name = "sentry-sdk"
optional = false
python-versions = "*"
version = "0.14.1"

[package.dependencies]
certifi = "*"
urllib3 = ">=1.10.0"

[package.extras]
aiohttp = ["aiohttp (>=3.5)"]
beam = ["beam (>=2.12)"]
bottle = ["bottle (>=0.12.13)"]
celery = ["celery (>=3)"]
django = ["django (>=1.8)"]
falcon = ["falcon (>=1.4)"]
flask = ["flask (>=0.11)", "blinker (>=1.1)"]
pyspark = ["pyspark (>=2.4.4)"]
rq = ["0.6"]
sanic = ["sanic (>=0.8)"]
sqlalchemy = ["sqlalchemy (>=1.2)"]
tornado = ["tornado (>=5)"]

[[package]]
category = "main"
description = "Sinopac All New Trading Api."
name = "shioaji"
optional = false
python-versions = "*"
version = "0.3.1.dev8"

[package.dependencies]
importlib-metadata = "1.6.0"
loguru = "0.4.1"
pydantic = "1.0.0"
pysolace = "0.9.8"
requests = "2.22.0"
sentry-sdk = "0.14.1"
xxhash = "2.0.0"

[[package]]
category = "dev"
description = "Python 2 and 3 compatibility utilities"
name = "six"
optional = false
python-versions = ">=2.7, !=3.0.*, !=3.1.*, !=3.2.*"
version = "1.14.0"

[[package]]
category = "main"
description = "HTTP library with thread-safe connection pooling, file post, and more."
name = "urllib3"
optional = false
python-versions = ">=2.7, !=3.0.*, !=3.1.*, !=3.2.*, !=3.3.*, !=3.4.*, <4"
version = "1.25.9"

[package.extras]
brotli = ["brotlipy (>=0.6.0)"]
secure = ["certifi", "cryptography (>=1.3.4)", "idna (>=2.0.0)", "pyOpenSSL (>=0.14)", "ipaddress"]
socks = ["PySocks (>=1.5.6,<1.5.7 || >1.5.7,<2.0)"]

[[package]]
category = "dev"
description = "Measures number of Terminal column cells of wide-character codes"
name = "wcwidth"
optional = false
python-versions = "*"
version = "0.1.9"

[[package]]
category = "main"
description = "A small Python utility to set file creation time on Windows"
marker = "sys_platform == \"win32\""
name = "win32-setctime"
optional = false
python-versions = ">=3.5"
version = "1.0.1"

[package.extras]
dev = ["pytest (>=4.6.2)", "black (>=19.3b0)"]

[[package]]
category = "main"
description = "Python binding for xxHash"
name = "xxhash"
optional = false
python-versions = ">=2.6, !=3.0.*, !=3.1.*, !=3.2.*"
version = "2.0.0"

[[package]]
category = "main"
description = "Backport of pathlib-compatible object wrapper for zip files"
name = "zipp"
optional = false
python-versions = ">=3.6"
version = "3.1.0"

[package.extras]
docs = ["sphinx", "jaraco.packaging (>=3.2)", "rst.linker (>=1.9)"]
testing = ["jaraco.itertools", "func-timeout"]

[metadata]
content-hash = "026455b727b5502a5ed5cef6b7d1a9bb9633ab725feef2c1a2016eba404b6a25"
python-versions = "^3.6"

[metadata.files]
aiocontextvars = [
    {file = "aiocontextvars-0.2.2-py2.py3-none-any.whl", hash = "sha256:885daf8261818767d8f7cbd79f9d4482d118f024b6586ef6e67980236a27bfa3"},
    {file = "aiocontextvars-0.2.2.tar.gz", hash = "sha256:f027372dc48641f683c559f247bd84962becaacdc9ba711d583c3871fb5652aa"},
]
atomicwrites = [
    {file = "atomicwrites-1.4.0-py2.py3-none-any.whl", hash = "sha256:6d1784dea7c0c8d4a5172b6c620f40b6e4cbfdf96d783691f2e1302a7b88e197"},
    {file = "atomicwrites-1.4.0.tar.gz", hash = "sha256:ae70396ad1a434f9c7046fd2dd196fc04b12f9e91ffb859164193be8b6168a7a"},
]
attrs = [
    {file = "attrs-19.3.0-py2.py3-none-any.whl", hash = "sha256:08a96c641c3a74e44eb59afb61a24f2cb9f4d7188748e76ba4bb5edfa3cb7d1c"},
    {file = "attrs-19.3.0.tar.gz", hash = "sha256:f7b7ce16570fe9965acd6d30101a28f62fb4a7f9e926b3bbc9b61f8b04247e72"},
]
certifi = [
    {file = "certifi-2020.4.5.1-py2.py3-none-any.whl", hash = "sha256:1d987a998c75633c40847cc966fcf5904906c920a7f17ef374f5aa4282abd304"},
    {file = "certifi-2020.4.5.1.tar.gz", hash = "sha256:51fcb31174be6e6664c5f69e3e1691a2d72a1a12e90f872cbdb1567eb47b6519"},
]
chardet = [
    {file = "chardet-3.0.4-py2.py3-none-any.whl", hash = "sha256:fc323ffcaeaed0e0a02bf4d117757b98aed530d9ed4531e3e15460124c106691"},
    {file = "chardet-3.0.4.tar.gz", hash = "sha256:84ab92ed1c4d4f16916e05906b6b75a6c0fb5db821cc65e70cbd64a3e2a5eaae"},
]
colorama = [
    {file = "colorama-0.4.3-py2.py3-none-any.whl", hash = "sha256:7d73d2a99753107a36ac6b455ee49046802e59d9d076ef8e47b61499fa29afff"},
    {file = "colorama-0.4.3.tar.gz", hash = "sha256:e96da0d330793e2cb9485e9ddfd918d456036c7149416295932478192f4436a1"},
]
contextvars = [
    {file = "contextvars-2.4.tar.gz", hash = "sha256:f38c908aaa59c14335eeea12abea5f443646216c4e29380d7bf34d2018e2c39e"},
]
coverage = [
    {file = "coverage-5.1-cp27-cp27m-macosx_10_12_x86_64.whl", hash = "sha256:0cb4be7e784dcdc050fc58ef05b71aa8e89b7e6636b99967fadbdba694cf2b65"},
    {file = "coverage-5.1-cp27-cp27m-macosx_10_13_intel.whl", hash = "sha256:c317eaf5ff46a34305b202e73404f55f7389ef834b8dbf4da09b9b9b37f76dd2"},
    {file = "coverage-5.1-cp27-cp27m-manylinux1_i686.whl", hash = "sha256:b83835506dfc185a319031cf853fa4bb1b3974b1f913f5bb1a0f3d98bdcded04"},
    {file = "coverage-5.1-cp27-cp27m-manylinux1_x86_64.whl", hash = "sha256:5f2294dbf7875b991c381e3d5af2bcc3494d836affa52b809c91697449d0eda6"},
    {file = "coverage-5.1-cp27-cp27m-win32.whl", hash = "sha256:de807ae933cfb7f0c7d9d981a053772452217df2bf38e7e6267c9cbf9545a796"},
    {file = "coverage-5.1-cp27-cp27m-win_amd64.whl", hash = "sha256:bf9cb9a9fd8891e7efd2d44deb24b86d647394b9705b744ff6f8261e6f29a730"},
    {file = "coverage-5.1-cp27-cp27mu-manylinux1_i686.whl", hash = "sha256:acf3763ed01af8410fc36afea23707d4ea58ba7e86a8ee915dfb9ceff9ef69d0"},
    {file = "coverage-5.1-cp27-cp27mu-manylinux1_x86_64.whl", hash = "sha256:dec5202bfe6f672d4511086e125db035a52b00f1648d6407cc8e526912c0353a"},
    {file = "coverage-5.1-cp35-cp35m-macosx_10_12_x86_64.whl", hash = "sha256:7a5bdad4edec57b5fb8dae7d3ee58622d626fd3a0be0dfceda162a7035885ecf"},
    {file = "coverage-5.1-cp35-cp35m-manylinux1_i686.whl", hash = "sha256:1601e480b9b99697a570cea7ef749e88123c04b92d84cedaa01e117436b4a0a9"},
    {file = "coverage-5.1-cp35-cp35m-manylinux1_x86_64.whl", hash = "sha256:dbe8c6ae7534b5b024296464f387d57c13caa942f6d8e6e0346f27e509f0f768"},
    {file = "coverage-5.1-cp35-cp35m-win32.whl", hash = "sha256:a027ef0492ede1e03a8054e3c37b8def89a1e3c471482e9f046906ba4f2aafd2"},
    {file = "coverage-5.1-cp35-cp35m-win_amd64.whl", hash = "sha256:0e61d9803d5851849c24f78227939c701ced6704f337cad0a91e0972c51c1ee7"},
    {file = "coverage-5.1-cp36-cp36m-macosx_10_13_x86_64.whl", hash = "sha256:2d27a3f742c98e5c6b461ee6ef7287400a1956c11421eb574d843d9ec1f772f0"},
    {file = "coverage-5.1-cp36-cp36m-manylinux1_i686.whl", hash = "sha256:66460ab1599d3cf894bb6baee8c684788819b71a5dc1e8fa2ecc152e5d752019"},
    {file = "coverage-5.1-cp36-cp36m-manylinux1_x86_64.whl", hash = "sha256:5c542d1e62eece33c306d66fe0a5c4f7f7b3c08fecc46ead86d7916684b36d6c"},
    {file = "coverage-5.1-cp36-cp36m-win32.whl", hash = "sha256:2742c7515b9eb368718cd091bad1a1b44135cc72468c731302b3d641895b83d1"},
    {file = "coverage-5.1-cp36-cp36m-win_amd64.whl", hash = "sha256:dead2ddede4c7ba6cb3a721870f5141c97dc7d85a079edb4bd8d88c3ad5b20c7"},
    {file = "coverage-5.1-cp37-cp37m-macosx_10_13_x86_64.whl", hash = "sha256:01333e1bd22c59713ba8a79f088b3955946e293114479bbfc2e37d522be03355"},
    {file = "coverage-5.1-cp37-cp37m-manylinux1_i686.whl", hash = "sha256:e1ea316102ea1e1770724db01998d1603ed921c54a86a2efcb03428d5417e489"},
    {file = "coverage-5.1-cp37-cp37m-manylinux1_x86_64.whl", hash = "sha256:adeb4c5b608574a3d647011af36f7586811a2c1197c861aedb548dd2453b41cd"},
    {file = "coverage-5.1-cp37-cp37m-win32.whl", hash = "sha256:782caea581a6e9ff75eccda79287daefd1d2631cc09d642b6ee2d6da21fc0a4e"},
    {file = "coverage-5.1-cp37-cp37m-win_amd64.whl", hash = "sha256:00f1d23f4336efc3b311ed0d807feb45098fc86dee1ca13b3d6768cdab187c8a"},
    {file = "coverage-5.1-cp38-cp38-macosx_10_13_x86_64.whl", hash = "sha256:402e1744733df483b93abbf209283898e9f0d67470707e3c7516d84f48524f55"},
    {file = "coverage-5.1-cp38-cp38-manylinux1_i686.whl", hash = "sha256:a3f3654d5734a3ece152636aad89f58afc9213c6520062db3978239db122f03c"},
    {file = "coverage-5.1-cp38-cp38-manylinux1_x86_64.whl", hash = "sha256:6402bd2fdedabbdb63a316308142597534ea8e1895f4e7d8bf7476c5e8751fef"},
    {file = "coverage-5.1-cp38-cp38-win32.whl", hash = "sha256:8fa0cbc7ecad630e5b0f4f35b0f6ad419246b02bc750de7ac66db92667996d24"},
    {file = "coverage-5.1-cp38-cp38-win_amd64.whl", hash = "sha256:79a3cfd6346ce6c13145731d39db47b7a7b859c0272f02cdb89a3bdcbae233a0"},
    {file = "coverage-5.1-cp39-cp39-win32.whl", hash = "sha256:a82b92b04a23d3c8a581fc049228bafde988abacba397d57ce95fe95e0338ab4"},
    {file = "coverage-5.1-cp39-cp39-win_amd64.whl", hash = "sha256:bb28a7245de68bf29f6fb199545d072d1036a1917dca17a1e75bbb919e14ee8e"},
    {file = "coverage-5.1.tar.gz", hash = "sha256:f90bfc4ad18450c80b024036eaf91e4a246ae287701aaa88eaebebf150868052"},
]
dataclasses = [
    {file = "dataclasses-0.6-py3-none-any.whl", hash = "sha256:454a69d788c7fda44efd71e259be79577822f5e3f53f029a22d08004e951dc9f"},
    {file = "dataclasses-0.6.tar.gz", hash = "sha256:6988bd2b895eef432d562370bb707d540f32f7360ab13da45340101bc2307d84"},
]
idna = [
    {file = "idna-2.8-py2.py3-none-any.whl", hash = "sha256:ea8b7f6188e6fa117537c3df7da9fc686d485087abf6ac197f9c46432f7e4a3c"},
    {file = "idna-2.8.tar.gz", hash = "sha256:c357b3f628cf53ae2c4c05627ecc484553142ca23264e593d327bcde5e9c3407"},
]
immutables = [
    {file = "immutables-0.14-cp35-cp35m-macosx_10_14_x86_64.whl", hash = "sha256:860666fab142401a5535bf65cbd607b46bc5ed25b9d1eb053ca8ed9a1a1a80d6"},
    {file = "immutables-0.14-cp35-cp35m-manylinux1_x86_64.whl", hash = "sha256:ce01788878827c3f0331c254a4ad8d9721489a5e65cc43e19c80040b46e0d297"},
    {file = "immutables-0.14-cp36-cp36m-macosx_10_14_x86_64.whl", hash = "sha256:8797eed4042f4626b0bc04d9cf134208918eb0c937a8193a2c66df5041e62d2e"},
    {file = "immutables-0.14-cp36-cp36m-manylinux1_x86_64.whl", hash = "sha256:33ce2f977da7b5e0dddd93744862404bdb316ffe5853ec853e53141508fa2e6a"},
    {file = "immutables-0.14-cp36-cp36m-win_amd64.whl", hash = "sha256:6c8eace4d98988c72bcb37c05e79aae756832738305ae9497670482a82db08bc"},
    {file = "immutables-0.14-cp37-cp37m-macosx_10_14_x86_64.whl", hash = "sha256:ab6c18b7b2b2abc83e0edc57b0a38bf0915b271582a1eb8c7bed1c20398f8040"},
    {file = "immutables-0.14-cp37-cp37m-manylinux1_x86_64.whl", hash = "sha256:c099212fd6504513a50e7369fe281007c820cf9d7bb22a336486c63d77d6f0b2"},
    {file = "immutables-0.14-cp37-cp37m-win_amd64.whl", hash = "sha256:714aedbdeba4439d91cb5e5735cb10631fc47a7a69ea9cc8ecbac90322d50a4a"},
    {file = "immutables-0.14-cp38-cp38-macosx_10_14_x86_64.whl", hash = "sha256:1c11050c49e193a1ec9dda1747285333f6ba6a30bbeb2929000b9b1192097ec0"},
    {file = "immutables-0.14-cp38-cp38-manylinux1_x86_64.whl", hash = "sha256:c453e12b95e1d6bb4909e8743f88b7f5c0c97b86a8bc0d73507091cb644e3c1e"},
    {file = "immutables-0.14-cp38-cp38-win_amd64.whl", hash = "sha256:ef9da20ec0f1c5853b5c8f8e3d9e1e15b8d98c259de4b7515d789a606af8745e"},
    {file = "immutables-0.14.tar.gz", hash = "sha256:a0a1cc238b678455145bae291d8426f732f5255537ed6a5b7645949704c70a78"},
]
importlib-metadata = [
    {file = "importlib_metadata-1.6.0-py2.py3-none-any.whl", hash = "sha256:2a688cbaa90e0cc587f1df48bdc97a6eadccdcd9c35fb3f976a09e3b5016d90f"},
    {file = "importlib_metadata-1.6.0.tar.gz", hash = "sha256:34513a8a0c4962bc66d35b359558fd8a5e10cd472d37aec5f66858addef32c1e"},
]
loguru = [
    {file = "loguru-0.4.1-py3-none-any.whl", hash = "sha256:074b3caa6748452c1e4f2b302093c94b65d5a4c5a4d7743636b4121e06437b0e"},
    {file = "loguru-0.4.1.tar.gz", hash = "sha256:a6101fd435ac89ba5205a105a26a6ede9e4ddbb4408a6e167852efca47806d11"},
]
more-itertools = [
    {file = "more-itertools-8.3.0.tar.gz", hash = "sha256:558bb897a2232f5e4f8e2399089e35aecb746e1f9191b6584a151647e89267be"},
    {file = "more_itertools-8.3.0-py3-none-any.whl", hash = "sha256:7818f596b1e87be009031c7653d01acc46ed422e6656b394b0f765ce66ed4982"},
]
msgpack = [
    {file = "msgpack-1.0.0-cp35-cp35m-manylinux1_i686.whl", hash = "sha256:cec8bf10981ed70998d98431cd814db0ecf3384e6b113366e7f36af71a0fca08"},
    {file = "msgpack-1.0.0-cp35-cp35m-manylinux1_x86_64.whl", hash = "sha256:aa5c057eab4f40ec47ea6f5a9825846be2ff6bf34102c560bad5cad5a677c5be"},
    {file = "msgpack-1.0.0-cp36-cp36m-macosx_10_13_x86_64.whl", hash = "sha256:4233b7f86c1208190c78a525cd3828ca1623359ef48f78a6fea4b91bb995775a"},
    {file = "msgpack-1.0.0-cp36-cp36m-manylinux1_i686.whl", hash = "sha256:b3758dfd3423e358bbb18a7cccd1c74228dffa7a697e5be6cb9535de625c0dbf"},
    {file = "msgpack-1.0.0-cp36-cp36m-manylinux1_x86_64.whl", hash = "sha256:25b3bc3190f3d9d965b818123b7752c5dfb953f0d774b454fd206c18fe384fb8"},
    {file = "msgpack-1.0.0-cp36-cp36m-win32.whl", hash = "sha256:e7bbdd8e2b277b77782f3ce34734b0dfde6cbe94ddb74de8d733d603c7f9e2b1"},
    {file = "msgpack-1.0.0-cp36-cp36m-win_amd64.whl", hash = "sha256:5dba6d074fac9b24f29aaf1d2d032306c27f04187651511257e7831733293ec2"},
    {file = "msgpack-1.0.0-cp37-cp37m-macosx_10_13_x86_64.whl", hash = "sha256:908944e3f038bca67fcfedb7845c4a257c7749bf9818632586b53bcf06ba4b97"},
    {file = "msgpack-1.0.0-cp37-cp37m-manylinux1_i686.whl", hash = "sha256:db685187a415f51d6b937257474ca72199f393dad89534ebbdd7d7a3b000080e"},
    {file = "msgpack-1.0.0-cp37-cp37m-manylinux1_x86_64.whl", hash = "sha256:ea41c9219c597f1d2bf6b374d951d310d58684b5de9dc4bd2976db9e1e22c140"},
    {file = "msgpack-1.0.0-cp37-cp37m-win32.whl", hash = "sha256:e35b051077fc2f3ce12e7c6a34cf309680c63a842db3a0616ea6ed25ad20d272"},
    {file = "msgpack-1.0.0-cp37-cp37m-win_amd64.whl", hash = "sha256:5bea44181fc8e18eed1d0cd76e355073f00ce232ff9653a0ae88cb7d9e643322"},
    {file = "msgpack-1.0.0-cp38-cp38-macosx_10_13_x86_64.whl", hash = "sha256:c901e8058dd6653307906c5f157f26ed09eb94a850dddd989621098d347926ab"},
    {file = "msgpack-1.0.0-cp38-cp38-manylinux1_i686.whl", hash = "sha256:271b489499a43af001a2e42f42d876bb98ccaa7e20512ff37ca78c8e12e68f84"},
    {file = "msgpack-1.0.0-cp38-cp38-manylinux1_x86_64.whl", hash = "sha256:7a22c965588baeb07242cb561b63f309db27a07382825fc98aecaf0827c1538e"},
    {file = "msgpack-1.0.0-cp38-cp38-win32.whl", hash = "sha256:002a0d813e1f7b60da599bdf969e632074f9eec1b96cbed8fb0973a63160a408"},
    {file = "msgpack-1.0.0-cp38-cp38-win_amd64.whl", hash = "sha256:39c54fdebf5fa4dda733369012c59e7d085ebdfe35b6cf648f09d16708f1be5d"},
    {file = "msgpack-1.0.0.tar.gz", hash = "sha256:9534d5cc480d4aff720233411a1f765be90885750b07df772380b34c10ecb5c0"},
]
orjson = [
    {file = "orjson-3.3.1-cp36-cp36m-macosx_10_7_x86_64.whl", hash = "sha256:0f33d28083819579976669f54ca79675d8e95fd5d75e7db21b798354ed8dd15b"},
    {file = "orjson-3.3.1-cp36-cp36m-manylinux1_x86_64.whl", hash = "sha256:4c290f1c0b6665d60181ee2f0ef631640d04ead2002ca4eadce4991ea5d6a4ed"},
    {file = "orjson-3.3.1-cp36-cp36m-manylinux2014_aarch64.whl", hash = "sha256:bf542f372162533550e86003d48664ab5fc1b44fb2b88923b9794cc8db6f0cf0"},
    {file = "orjson-3.3.1-cp36-cp36m-manylinux2014_x86_64.whl", hash = "sha256:28e6116ebd2082357bb9c66a76a3a1dc6aa4de0754801ac10b9903d31b752a1b"},
    {file = "orjson-3.3.1-cp36-none-win_amd64.whl", hash = "sha256:c4ac5a1d1767733708fd9b45cbbab3f8871af57b54b707a2dc6fddb47e51a81a"},
    {file = "orjson-3.3.1-cp37-cp37m-macosx_10_7_x86_64.whl", hash = "sha256:0f11fd620b74fbdcf29021b3a9c36fb6e13efcdd63cbacc292d0786b54b4b2e8"},
    {file = "orjson-3.3.1-cp37-cp37m-manylinux1_x86_64.whl", hash = "sha256:e455c5b42a023f4777526c623d2e9ae415084de5130f93aefe689ea482de5f67"},
    {file = "orjson-3.3.1-cp37-cp37m-manylinux2014_aarch64.whl", hash = "sha256:8c90083c67653d88b132820719e604250f26ba04229efe3149bf82ba2a08f8cf"},
    {file = "orjson-3.3.1-cp37-cp37m-manylinux2014_x86_64.whl", hash = "sha256:bc23eed41167b4454cddd51f72a7ee4163c33565c509bb9469adf56384b1cce2"},
    {file = "orjson-3.3.1-cp37-none-win_amd64.whl", hash = "sha256:3bff4765281da6fa8ddbbe692e5061f950d11aabdfe64837fb53ead4756e9af6"},
    {file = "orjson-3.3.1-cp38-cp38-macosx_10_7_x86_64.whl", hash = "sha256:1e19907c1ccf82976c2d111f3914a2c0697720b91908e8ef02405e4dc21c662a"},
    {file = "orjson-3.3.1-cp38-cp38-manylinux1_x86_64.whl", hash = "sha256:aa8332a3ee0fa03a331bea4f28cdcc4d363b53af2ea41630d7eb580422514a1f"},
    {file = "orjson-3.3.1-cp38-cp38-manylinux2014_aarch64.whl", hash = "sha256:4ab9536c3776136303ab9e6432691d970e6aa5d27dbc2b5e0ca0d0db3e12f1c4"},
    {file = "orjson-3.3.1-cp38-cp38-manylinux2014_x86_64.whl", hash = "sha256:28dc7e1f89440a68c1ccb937f6f0ae40fa3875de84f747262c00bc18aa25c5ec"},
    {file = "orjson-3.3.1-cp38-none-win_amd64.whl", hash = "sha256:fa4d5d734e76d9f21a94444fbf1de7eea185b355b324d38c8a7456ce63c3bbeb"},
    {file = "orjson-3.3.1-cp39-cp39-manylinux2014_aarch64.whl", hash = "sha256:b0533d6719b781db7563c478672d91faeac9ea810f30f16ebb5e917c4451b098"},
    {file = "orjson-3.3.1-cp39-cp39-manylinux2014_x86_64.whl", hash = "sha256:a7d634eb69083ca5a49baf412625604813f9e3365cb869f445c388d15fe60122"},
    {file = "orjson-3.3.1.tar.gz", hash = "sha256:149d6a2bc71514826979b9d053f3df0c2397a99e2b87213ba71605a1626d662c"},
]
packaging = [
    {file = "packaging-20.3-py2.py3-none-any.whl", hash = "sha256:82f77b9bee21c1bafbf35a84905d604d5d1223801d639cf3ed140bd651c08752"},
    {file = "packaging-20.3.tar.gz", hash = "sha256:3c292b474fda1671ec57d46d739d072bfd495a4f51ad01a055121d81e952b7a3"},
]
pluggy = [
    {file = "pluggy-0.13.1-py2.py3-none-any.whl", hash = "sha256:966c145cd83c96502c3c3868f50408687b38434af77734af1e9ca461a4081d2d"},
    {file = "pluggy-0.13.1.tar.gz", hash = "sha256:15b2acde666561e1298d71b523007ed7364de07029219b604cf808bfa1c765b0"},
]
py = [
    {file = "py-1.8.1-py2.py3-none-any.whl", hash = "sha256:c20fdd83a5dbc0af9efd622bee9a5564e278f6380fffcacc43ba6f43db2813b0"},
    {file = "py-1.8.1.tar.gz", hash = "sha256:5e27081401262157467ad6e7f851b7aa402c5852dbcb3dae06768434de5752aa"},
]
pydantic = [
    {file = "pydantic-1.0-cp36-cp36m-manylinux1_i686.whl", hash = "sha256:0f35a8d780534f3db5c36fe4d516bd7a12559d6972dccbc55161a90eb20dd67a"},
    {file = "pydantic-1.0-cp36-cp36m-manylinux1_x86_64.whl", hash = "sha256:360433b2422fcb2203356a30a90f6ae45d9e613243588504509aa5d544d6f68e"},
    {file = "pydantic-1.0-cp37-cp37m-manylinux1_i686.whl", hash = "sha256:751f755efb9ab395ec7bd562f123e57a68e6164f06fc735b04ccb8df1ad5b6c8"},
    {file = "pydantic-1.0-cp37-cp37m-manylinux1_x86_64.whl", hash = "sha256:c044e589c6d8d54ad55f5e73aa8f8d61dcab038b0a6267988d68e0361ae77f0e"},
    {file = "pydantic-1.0-py36.py37.py38-none-any.whl", hash = "sha256:a1ba32e2284185260cf5d35ffe2c8cbdd2244d62e5952e69572d4a458d6d46a7"},
    {file = "pydantic-1.0.tar.gz", hash = "sha256:bf474cebe007701806f5f8b076fb8508116606e5c721734bb855bfec4185263c"},
]
pyparsing = [
    {file = "pyparsing-2.4.7-py2.py3-none-any.whl", hash = "sha256:ef9d7589ef3c200abe66653d3f1ab1033c3c419ae9b9bdb1240a85b024efc88b"},
    {file = "pyparsing-2.4.7.tar.gz", hash = "sha256:c203ec8783bf771a155b207279b9bccb8dea02d8f0c9e5f8ead507bc3246ecc1"},
]
pysolace = [
    {file = "pysolace-0.9.8-cp36-cp36m-macosx_10_14_x86_64.whl", hash = "sha256:e3a12bcd7263c211204b6c544ea4ecb174e896f5bf98299f94fac805c4ac8fca"},
    {file = "pysolace-0.9.8-cp36-cp36m-manylinux1_x86_64.whl", hash = "sha256:91c31365907598514719484e0a2f6d35ae91dd07c54e954f57ad31f7a3350427"},
    {file = "pysolace-0.9.8-cp36-cp36m-manylinux2010_x86_64.whl", hash = "sha256:85e63c2fb6ed532e8a42beb0dc11b2e6b7358d2fcc543e1625dd9b6bb4c85888"},
    {file = "pysolace-0.9.8-cp36-cp36m-win_amd64.whl", hash = "sha256:c5c91489c2bbf3f35722bf60ca4aaffac74db12f23c0be294284fdfa72e5e60f"},
    {file = "pysolace-0.9.8-cp37-cp37m-macosx_10_14_x86_64.whl", hash = "sha256:74f38e5a3a6c0cc3b02b3183586e06146838f4c2fa0b36030bf82cada71875d1"},
    {file = "pysolace-0.9.8-cp37-cp37m-manylinux1_x86_64.whl", hash = "sha256:cea7f83b90438ed691fe6ce2e9218bc151f8d47dc2dca3c0989f6651a8480918"},
    {file = "pysolace-0.9.8-cp37-cp37m-manylinux2010_x86_64.whl", hash = "sha256:330d1cfd792f156f6c85ade3ed604045f480ee08d144652c4b5e8586497d2c30"},
    {file = "pysolace-0.9.8-cp37-cp37m-win_amd64.whl", hash = "sha256:a3522240a0a7e31cb61f2c588ddb6804eb4d62a0a4d06068586ffa4a998756a3"},
    {file = "pysolace-0.9.8-cp38-cp38-macosx_10_14_x86_64.whl", hash = "sha256:5455d3eba8cf6e1f64c07860933123a9ddb1898fb3d00d7a84175001f1059dab"},
    {file = "pysolace-0.9.8-cp38-cp38-manylinux1_x86_64.whl", hash = "sha256:d6977f6bd9f4cc1494b311085199999bf800bc41562b36bf3c4e77b71e0764f4"},
    {file = "pysolace-0.9.8-cp38-cp38-manylinux2010_x86_64.whl", hash = "sha256:74be1489ff319e0303f56871c4d887985ea38ef17ad614d0e6caba4802a761d4"},
    {file = "pysolace-0.9.8-cp38-cp38-win_amd64.whl", hash = "sha256:58c19151d20814b370411c27deed3a5bbe85a4c623c1b2c24a64dca72395f849"},
]
pytest = [
    {file = "pytest-5.4.2-py3-none-any.whl", hash = "sha256:95c710d0a72d91c13fae35dce195633c929c3792f54125919847fdcdf7caa0d3"},
    {file = "pytest-5.4.2.tar.gz", hash = "sha256:eb2b5e935f6a019317e455b6da83dd8650ac9ffd2ee73a7b657a30873d67a698"},
]
pytest-cov = [
    {file = "pytest-cov-2.8.1.tar.gz", hash = "sha256:cc6742d8bac45070217169f5f72ceee1e0e55b0221f54bcf24845972d3a47f2b"},
    {file = "pytest_cov-2.8.1-py2.py3-none-any.whl", hash = "sha256:cdbdef4f870408ebdbfeb44e63e07eb18bb4619fae852f6e760645fa36172626"},
]
pytest-mock = [
    {file = "pytest-mock-3.1.0.tar.gz", hash = "sha256:ce610831cedeff5331f4e2fc453a5dd65384303f680ab34bee2c6533855b431c"},
    {file = "pytest_mock-3.1.0-py2.py3-none-any.whl", hash = "sha256:997729451dfc36b851a9accf675488c7020beccda15e11c75632ee3d1b1ccd71"},
]
requests = [
    {file = "requests-2.22.0-py2.py3-none-any.whl", hash = "sha256:9cf5292fcd0f598c671cfc1e0d7d1a7f13bb8085e9a590f48c010551dc6c4b31"},
    {file = "requests-2.22.0.tar.gz", hash = "sha256:11e007a8a2aa0323f5a921e9e6a2d7e4e67d9877e85773fba9ba6419025cbeb4"},
]
sentry-sdk = [
    {file = "sentry-sdk-0.14.1.tar.gz", hash = "sha256:e023da07cfbead3868e1e2ba994160517885a32dfd994fc455b118e37989479b"},
    {file = "sentry_sdk-0.14.1-py2.py3-none-any.whl", hash = "sha256:b06dd27391fd11fb32f84fe054e6a64736c469514a718a99fb5ce1dff95d6b28"},
]
shioaji = [
    {file = "shioaji-0.3.1.dev8-cp36-cp36m-macosx_10_14_x86_64.whl", hash = "sha256:d15888ffe3856d090278ddbf810bc8739b8a5c3e0c7ba1764aae9cea5d82860f"},
    {file = "shioaji-0.3.1.dev8-cp36-cp36m-manylinux1_x86_64.whl", hash = "sha256:1ac10bba7ac7362f69500f1232b63562d3cee2181a9ed01719b833216a493e44"},
    {file = "shioaji-0.3.1.dev8-cp36-cp36m-manylinux2010_x86_64.whl", hash = "sha256:7e59d02bd51092db7dd61c6fd8fc3d82d9f004c3d67d79ae2265d9442df947c7"},
    {file = "shioaji-0.3.1.dev8-cp36-cp36m-win_amd64.whl", hash = "sha256:83b4906d9b5a8ad789677888a73b7ea2d1eed14cbb4d7c5d57f8ce570d7f012b"},
    {file = "shioaji-0.3.1.dev8-cp37-cp37m-macosx_10_14_x86_64.whl", hash = "sha256:6028060a3127fdeba3467d82d19adcec5940aa9547d901b549c131f1723765ca"},
    {file = "shioaji-0.3.1.dev8-cp37-cp37m-manylinux1_x86_64.whl", hash = "sha256:f2aed3a503f4d52cd2cdc68175f6f348207ce17b45ef404053ab552a449ca311"},
    {file = "shioaji-0.3.1.dev8-cp37-cp37m-manylinux2010_x86_64.whl", hash = "sha256:ff2faea7c9a2e6161a2d3d691ae2734002da3638c6e16b08a88452e5bbb6901f"},
    {file = "shioaji-0.3.1.dev8-cp37-cp37m-win_amd64.whl", hash = "sha256:e2957661eb530a01b4b9e1a24a0fa7f256b7858692adbae055b866f2c30792b1"},
    {file = "shioaji-0.3.1.dev8-cp38-cp38-macosx_10_14_x86_64.whl", hash = "sha256:b80fd72ebb589dbb67ed2d48e0a14ea2925a6da6204bc81bc33d20e9b24ac98f"},
    {file = "shioaji-0.3.1.dev8-cp38-cp38-manylinux1_x86_64.whl", hash = "sha256:3788f0a0fde6947250586ecff7fe79a2b0636515efa9579fbb2fd9db37c93f3a"},
    {file = "shioaji-0.3.1.dev8-cp38-cp38-manylinux2010_x86_64.whl", hash = "sha256:4a10c57c87bea8b155cfc971e9e6546a1cb0de7454ff6c0005d2873447a4ef62"},
    {file = "shioaji-0.3.1.dev8-cp38-cp38-win_amd64.whl", hash = "sha256:2f36571c01ff5aa81ccb0272e695e80af382b84044c9fe2d8ddc573fcbb2824d"},
]
six = [
    {file = "six-1.14.0-py2.py3-none-any.whl", hash = "sha256:8f3cd2e254d8f793e7f3d6d9df77b92252b52637291d0f0da013c76ea2724b6c"},
    {file = "six-1.14.0.tar.gz", hash = "sha256:236bdbdce46e6e6a3d61a337c0f8b763ca1e8717c03b369e87a7ec7ce1319c0a"},
]
urllib3 = [
    {file = "urllib3-1.25.9-py2.py3-none-any.whl", hash = "sha256:88206b0eb87e6d677d424843ac5209e3fb9d0190d0ee169599165ec25e9d9115"},
    {file = "urllib3-1.25.9.tar.gz", hash = "sha256:3018294ebefce6572a474f0604c2021e33b3fd8006ecd11d62107a5d2a963527"},
]
wcwidth = [
    {file = "wcwidth-0.1.9-py2.py3-none-any.whl", hash = "sha256:cafe2186b3c009a04067022ce1dcd79cb38d8d65ee4f4791b8888d6599d1bbe1"},
    {file = "wcwidth-0.1.9.tar.gz", hash = "sha256:ee73862862a156bf77ff92b09034fc4825dd3af9cf81bc5b360668d425f3c5f1"},
]
win32-setctime = [
    {file = "win32_setctime-1.0.1-py3-none-any.whl", hash = "sha256:568fd636c68350bcc54755213fe01966fe0a6c90b386c0776425944a0382abef"},
    {file = "win32_setctime-1.0.1.tar.gz", hash = "sha256:b47e5023ec7f0b4962950902b15bc56464a380d869f59d27dbf9ab423b23e8f9"},
]
xxhash = [
    {file = "xxhash-2.0.0-cp27-cp27m-macosx_10_6_intel.whl", hash = "sha256:df8d1ebdef86bd5d772d81c91d5d111a5ee8e4b68b8fc6b6edfa5aa825dd2a3d"},
    {file = "xxhash-2.0.0-cp27-cp27m-manylinux1_i686.whl", hash = "sha256:f01c59f5bad2e46bb4235b71b36c56be353f08b6d514a3bd0deb9bf56e4b180a"},
    {file = "xxhash-2.0.0-cp27-cp27m-manylinux1_x86_64.whl", hash = "sha256:cb4feeb8881eb89b9ddd0fae797deb078ebdaad6b1ae6c185b9993d241ed365a"},
    {file = "xxhash-2.0.0-cp27-cp27m-manylinux2010_i686.whl", hash = "sha256:2912d7810bcf7e39b3929fb186fe46ff83b1bd4a3d6b7eba956d57fa1516ac0c"},
    {file = "xxhash-2.0.0-cp27-cp27m-manylinux2010_x86_64.whl", hash = "sha256:48b99c55fc643b32f5efca9c35fcaac6ea553958cf503e202c10eb62718e7a0e"},
    {file = "xxhash-2.0.0-cp27-cp27m-win32.whl", hash = "sha256:3221f1a5bc2ee1f150b84a0c4c7cddc7724aaa01460f3353cf63fd667d89f593"},
    {file = "xxhash-2.0.0-cp27-cp27m-win_amd64.whl", hash = "sha256:cba4b6d174b524623ac8b64bda734601d574f95033f87ddf9c495c69a70135e8"},
    {file = "xxhash-2.0.0-cp27-cp27mu-manylinux1_i686.whl", hash = "sha256:b94f13f4f946500f3cc78f11da4ec4b340bd92c5200b5fe4e6aeac96064aa1fd"},
    {file = "xxhash-2.0.0-cp27-cp27mu-manylinux1_x86_64.whl", hash = "sha256:635b1d7fa85d215112f41d089bd113ac139f6a42769fcc49c73e779904160f7f"},
    {file = "xxhash-2.0.0-cp27-cp27mu-manylinux2010_i686.whl", hash = "sha256:0f5f1b9ae8e2cf2ff606018769f7e46147df70291312f64e1b80d10482ca8c0b"},
    {file = "xxhash-2.0.0-cp27-cp27mu-manylinux2010_x86_64.whl", hash = "sha256:8f90deec6567a38e1da29feff36973468691e309b2db8235e64936e61df77c43"},
    {file = "xxhash-2.0.0-cp35-cp35m-macosx_10_6_intel.whl", hash = "sha256:8b7e930a60dfe7380e52466aa27941290dd575a5750c622158c86941797eaa1b"},
    {file = "xxhash-2.0.0-cp35-cp35m-manylinux1_i686.whl", hash = "sha256:44b26872fd63f1eaf1ab527817aebbd455a3fdcbd56ff6df74fd42a6a137cff4"},
    {file = "xxhash-2.0.0-cp35-cp35m-manylinux1_x86_64.whl", hash = "sha256:3d25b540148f1ebf4852e4115f3f4819b585ecd36f121a1f388e8966d69d3a1c"},
    {file = "xxhash-2.0.0-cp35-cp35m-manylinux2010_i686.whl", hash = "sha256:bcd1e9f3ba8df23edefe1d0a886f16b4e27602acbd8575b39540fea26e1aa6d2"},
    {file = "xxhash-2.0.0-cp35-cp35m-manylinux2010_x86_64.whl", hash = "sha256:fc03a399205268815742125b17d967afa9f23b08cdafe185e41368cf7ba9b278"},
    {file = "xxhash-2.0.0-cp35-cp35m-manylinux2014_aarch64.whl", hash = "sha256:bdbc195231c87d63b0503785d9c5264f4275a92da41d9f28fdf08fb321453356"},
    {file = "xxhash-2.0.0-cp35-cp35m-win32.whl", hash = "sha256:7291392bdb1d38c44557dfd3fcd4fd04c363a696dbfa7e6592700a31e4ff6657"},
    {file = "xxhash-2.0.0-cp35-cp35m-win_amd64.whl", hash = "sha256:e0fc170c3a00ca008d992c2e6324da3f1467b30044b5835d2feb27870645d38c"},
    {file = "xxhash-2.0.0-cp36-cp36m-macosx_10_6_intel.whl", hash = "sha256:5b3c0c84187556d463626ceed85f0d735a5b8ea1678da3e858d3934f38f23915"},
    {file = "xxhash-2.0.0-cp36-cp36m-manylinux1_i686.whl", hash = "sha256:2f0ca6673fcbae988389576a779c00a62a28718a18ddc7b2e5b32d7fb30c6f98"},
    {file = "xxhash-2.0.0-cp36-cp36m-manylinux1_x86_64.whl", hash = "sha256:d1859d54837af16ae2a7975477e619793ac698a374d909f533e317c3b384b223"},
    {file = "xxhash-2.0.0-cp36-cp36m-manylinux2010_i686.whl", hash = "sha256:9d0311fcd78dabe04ab3b4034659628b00ac220e77e37648f73aebbf4cb13680"},
    {file = "xxhash-2.0.0-cp36-cp36m-manylinux2010_x86_64.whl", hash = "sha256:0ecea927fd3df8f3f3a1d6e5bc85838eb44a69ea2f4c9263dfd0f68c4e17e483"},
    {file = "xxhash-2.0.0-cp36-cp36m-manylinux2014_aarch64.whl", hash = "sha256:4167f22b037e128820f7642ecc1fbf1b4b4956346093a2e75081bee82b9cfb7e"},
    {file = "xxhash-2.0.0-cp36-cp36m-win32.whl", hash = "sha256:85c5de6c56335b75beef2cba713f95a1b62422be5e27dad30b5083419c6839c4"},
    {file = "xxhash-2.0.0-cp36-cp36m-win_amd64.whl", hash = "sha256:ade1c356acd0b0454a3d3cf42442afe7ad0f46fc944ea1e84720b3858bfdb772"},
    {file = "xxhash-2.0.0-cp37-cp37m-macosx_10_6_intel.whl", hash = "sha256:fca7d0fb6fde33d1ac5f97298f44e711e5fe1b4587832864be8c6545cb072a54"},
    {file = "xxhash-2.0.0-cp37-cp37m-manylinux1_i686.whl", hash = "sha256:e296b0dee072a54c40c04f09ca35bb9902bb74b54f0fffeafabfc937b3ec85f9"},
    {file = "xxhash-2.0.0-cp37-cp37m-manylinux1_x86_64.whl", hash = "sha256:02476c5cef803cfd1350662b1e543e47ad64bd5f7f792033d94d590f9674da11"},
    {file = "xxhash-2.0.0-cp37-cp37m-manylinux2010_i686.whl", hash = "sha256:28c1f0bb6dadc11162d1f2e203d7a12d38b511b87fbb5ffa729594fd456f48e6"},
    {file = "xxhash-2.0.0-cp37-cp37m-manylinux2010_x86_64.whl", hash = "sha256:922ae5b1efa1f9a9cc959f7197113a623ad110853622e990433242a9d8d00d5c"},
    {file = "xxhash-2.0.0-cp37-cp37m-manylinux2014_aarch64.whl", hash = "sha256:7709bc8a5e30c74b07203553f33232531e7739458f72204908cedb08a00bd546"},
    {file = "xxhash-2.0.0-cp37-cp37m-win32.whl", hash = "sha256:fb3c9760598009b1d8bbe57785e278aeb956efb7372d8f9b0bb43cd46f420dff"},
    {file = "xxhash-2.0.0-cp37-cp37m-win_amd64.whl", hash = "sha256:3f29f6d455388cc415fe52c0f63f442aaea674cee35a2252d8d4dc8d640938c6"},
    {file = "xxhash-2.0.0-cp38-cp38-macosx_10_9_x86_64.whl", hash = "sha256:bf360465dc3d24b1501b799c85815c82ddcfc0ffbcba0232968f3a7cd64306fc"},
    {file = "xxhash-2.0.0-cp38-cp38-manylinux1_i686.whl", hash = "sha256:5d2edbb50025a67f061d09d381c54c7d0948c1572f6c9bd15ee238a303d368d9"},
    {file = "xxhash-2.0.0-cp38-cp38-manylinux1_x86_64.whl", hash = "sha256:7943ede91d8aedfcacb7178b2d881b7498145590206ff61c3e84dc66e6a51d6a"},
    {file = "xxhash-2.0.0-cp38-cp38-manylinux2010_i686.whl", hash = "sha256:b5c2edb8b0a2acc5bdac984b3177711f206463b970aa03087221771c2b0d8f1d"},
    {file = "xxhash-2.0.0-cp38-cp38-manylinux2010_x86_64.whl", hash = "sha256:16e4b7d508bb49b6fc84bf077f2f7f51263b5618cc61f33a64ed43786ec2c6cf"},
    {file = "xxhash-2.0.0-cp38-cp38-manylinux2014_aarch64.whl", hash = "sha256:80903d4ce7337921bbc8e5ac695b45691b43c0a00b21964c76e19ea21b9108ea"},
    {file = "xxhash-2.0.0-cp38-cp38-win32.whl", hash = "sha256:e37b25182e969212d5aec60a8da7d1e6a960dbffdb9ba4c63e2240de3605c184"},
    {file = "xxhash-2.0.0-cp38-cp38-win_amd64.whl", hash = "sha256:fabee25186b6649bbf6ff258f23941339902374786f8317b0422144ddaa505df"},
    {file = "xxhash-2.0.0-pp27-pypy_73-manylinux1_x86_64.whl", hash = "sha256:be93004b832717234a7d2f47dc555428ab1e8712f99cad7d212cebe0e27d3d48"},
    {file = "xxhash-2.0.0-pp27-pypy_73-manylinux2010_x86_64.whl", hash = "sha256:1b86f49b36c25ebdbd1b5539d428a37d9051ad49eb576a3edd964a8770bc8f3a"},
    {file = "xxhash-2.0.0-pp27-pypy_73-win32.whl", hash = "sha256:bde4d39997de901d0a66ebd631b34f9cf106676fec0878f36b7baf630cb3965a"},
    {file = "xxhash-2.0.0-pp36-pypy36_pp73-manylinux1_x86_64.whl", hash = "sha256:99b5412a3eddb1aa9aaf36cdbf93be4eca99ad83ff8c692672fdeedc7fb597de"},
    {file = "xxhash-2.0.0-pp36-pypy36_pp73-manylinux2010_x86_64.whl", hash = "sha256:33c4832e689f429539d70baf69162b41dfbabc7f31ca542b5b772cb8a55e7a79"},
    {file = "xxhash-2.0.0-pp36-pypy36_pp73-win32.whl", hash = "sha256:82034c9ed54db20f051133cba01de959b5208fe2900e67ebb4c9631f1fd523fd"},
    {file = "xxhash-2.0.0.tar.gz", hash = "sha256:58ca818554c1476fa1456f6cd4b87002e2294f09baf0f81e5a2a4968e62c423c"},
]
zipp = [
    {file = "zipp-3.1.0-py3-none-any.whl", hash = "sha256:aa36550ff0c0b7ef7fa639055d797116ee891440eac1a56f378e2d3179e0320b"},
    {file = "zipp-3.1.0.tar.gz", hash = "sha256:c599e4d75c98f6798c509911d08a22e6c021d074469042177c8c86fb92eefd96"},
]
